
Microsoft Visual Studio Solution File, Format Version 12.00
# Visual Studio 2012
Project("{FAE04EC0-301F-11D3-BF4B-00C04F79EFBC}") = "Github", "Github.FileSystem\Github.csproj", "{84978768-E472-4E27-99B8-025D5AD53B9B}"
EndProject
Project("{FAE04EC0-301F-11D3-BF4B-00C04F79EFBC}") = "Github.Tests", "Github.FileSystem.Tests\Github.Tests.csproj", "{F9139C40-2680-411E-8672-1290D099646A}"
EndProject
Global
	GlobalSection(SolutionConfigurationPlatforms) = preSolution
		Debug|Any CPU = Debug|Any CPU
		Release|Any CPU = Release|Any CPU
	EndGlobalSection
	GlobalSection(ProjectConfigurationPlatforms) = postSolution
		{84978768-E472-4E27-99B8-025D5AD53B9B}.Debug|Any CPU.ActiveCfg = Debug|Any CPU
		{84978768-E472-4E27-99B8-025D5AD53B9B}.Debug|Any CPU.Build.0 = Debug|Any CPU
		{84978768-E472-4E27-99B8-025D5AD53B9B}.Release|Any CPU.ActiveCfg = Release|Any CPU
		{84978768-E472-4E27-99B8-025D5AD53B9B}.Release|Any CPU.Build.0 = Release|Any CPU
		{F9139C40-2680-411E-8672-1290D099646A}.Debug|Any CPU.ActiveCfg = Debug|Any CPU
		{F9139C40-2680-411E-8672-1290D099646A}.Debug|Any CPU.Build.0 = Debug|Any CPU
		{F9139C40-2680-411E-8672-1290D099646A}.Release|Any CPU.ActiveCfg = Release|Any CPU
		{F9139C40-2680-411E-8672-1290D099646A}.Release|Any CPU.Build.0 = Release|Any CPU
	EndGlobalSection
	GlobalSection(SolutionProperties) = preSolution
		HideSolutionNode = FALSE
	EndGlobalSection
EndGlobal
